
Microsoft Visual Studio Solution File, Format Version 12.00
# Visual Studio Version 17
VisualStudioVersion = 17.0.31512.422
MinimumVisualStudioVersion = 10.0.40219.1
Project("{FAE04EC0-301F-11D3-BF4B-00C04F79EFBC}") = "eFileTask", "eFileTask\eFileTask.csproj", "{F6756F29-E14E-4C47-9434-EA0A11EDACA7}"
EndProject
Global
	GlobalSection(SolutionConfigurationPlatforms) = preSolution
		Debug|Any CPU = Debug|Any CPU
		Release|Any CPU = Release|Any CPU
	EndGlobalSection
	GlobalSection(ProjectConfigurationPlatforms) = postSolution
		{F6756F29-E14E-4C47-9434-EA0A11EDACA7}.Debug|Any CPU.ActiveCfg = Debug|Any CPU
		{F6756F29-E14E-4C47-9434-EA0A11EDACA7}.Debug|Any CPU.Build.0 = Debug|Any CPU
		{F6756F29-E14E-4C47-9434-EA0A11EDACA7}.Release|Any CPU.ActiveCfg = Release|Any CPU
		{F6756F29-E14E-4C47-9434-EA0A11EDACA7}.Release|Any CPU.Build.0 = Release|Any CPU
	EndGlobalSection
	GlobalSection(SolutionProperties) = preSolution
		HideSolutionNode = FALSE
	EndGlobalSection
	GlobalSection(ExtensibilityGlobals) = postSolution
		SolutionGuid = {5573C7D5-6006-459B-BDD4-7742D52A972B}
	EndGlobalSection
EndGlobal
